<Solution>
  <Folder Name="/Solution Items/">
    <File Path=".editorconfig" />
    <File Path=".github/workflows/azure-functions-app-release-alternate.yml" />
    <File Path=".copilot.yaml" />
    <File Path="LICENSE.txt" />
    <File Path="README.md" />
  </Folder>
  <Project Path="DivisiBillWs/DivisiBillWs.csproj" />
</Solution>
